{
  "name": "icycoide.github.io",
  "lockfileVersion": 3,
  "requires": true,
  "packages": {
    "": {
      "dependencies": {
        "@mielo-ui/mielo": "^1.0.8"
      }
    },
    "node_modules/@mielo-ui/mielo": {
      "version": "1.0.8",
      "resolved": "https://registry.npmjs.org/@mielo-ui/mielo/-/mielo-1.0.8.tgz",
      "integrity": "sha512-MrjeZ04jRqTlvfLI4RHP/uhej1w4KgAvkEeUGWCGTlHqPVedOXlwoSc73Ps6K/oVQ1+eUyAmTQ2IDYA7zr8wwQ==",
      "license": "MIT",
      "dependencies": {
        "reseter.css": "^2.0.0"
      }
    },
    "node_modules/reseter.css": {
      "version": "2.0.0",
      "resolved": "https://registry.npmjs.org/reseter.css/-/reseter.css-2.0.0.tgz",
      "integrity": "sha512-u98r3v0drXwxwRFhBywZOk+9LWoNVMy+tSClR6wJG+XXbrR/fpuuzbWQ8N5Uxczp3xMUX86E4PCWzitzsZ5GOg==",
      "funding": [
        {
          "type": "patreon",
          "url": "https://patreon.com/krishdevdb"
        },
        {
          "type": "opencollective",
          "url": "https://opencollective.com/resetercss"
        },
        {
          "type": "kofi",
          "url": "https://ko-fi.com/krishdevdb"
        }
      ],
      "license": "MIT"
    }
  }
}
